
Microsoft Visual Studio Solution File, Format Version 12.00
# Visual Studio 14
VisualStudioVersion = 14.0.25420.1
MinimumVisualStudioVersion = 10.0.40219.1
Project("{8BC9CEB8-8B4A-11D0-8D11-00A0C91BC942}") = "ArduinoHelloWorld", "ArduinoHelloWorld\ArduinoHelloWorld.vcxproj", "{C5F80730-F44F-4478-BDAE-6634EFC2CA88}"
EndProject
Project("{8BC9CEB8-8B4A-11D0-8D11-00A0C91BC942}") = "ArduinoWiringApplication1", "ArduinoWiringApplication1\ArduinoWiringApplication1.vcxproj", "{7BB1D556-E0AF-4875-8644-C2A525D1A880}"
EndProject
Project("{9092AA53-FB77-4645-B42D-1CCCA6BD08BD}") = "NodejsConsoleApp1", "NodejsConsoleApp1\NodejsConsoleApp1.njsproj", "{B08B4C4D-3FC8-4D2C-AE9E-CCF1F6B57359}"
EndProject
Project("{9092AA53-FB77-4645-B42D-1CCCA6BD08BD}") = "NodejsWebServer1", "NodejsWebServer1\NodejsWebServer1.njsproj", "{D3EECC26-171E-4102-A2AE-0FD979BB40C1}"
EndProject
Global
	GlobalSection(SolutionConfigurationPlatforms) = preSolution
		Debug|Any CPU = Debug|Any CPU
		Debug|ARM = Debug|ARM
		Debug|x64 = Debug|x64
		Debug|x86 = Debug|x86
		Release|Any CPU = Release|Any CPU
		Release|ARM = Release|ARM
		Release|x64 = Release|x64
		Release|x86 = Release|x86
		Rpi|Any CPU = Rpi|Any CPU
		Rpi|ARM = Rpi|ARM
		Rpi|x64 = Rpi|x64
		Rpi|x86 = Rpi|x86
	EndGlobalSection
	GlobalSection(ProjectConfigurationPlatforms) = postSolution
		{C5F80730-F44F-4478-BDAE-6634EFC2CA88}.Debug|Any CPU.ActiveCfg = Debug|Win32
		{C5F80730-F44F-4478-BDAE-6634EFC2CA88}.Debug|ARM.ActiveCfg = Debug|Win32
		{C5F80730-F44F-4478-BDAE-6634EFC2CA88}.Debug|x64.ActiveCfg = Debug|Win32
		{C5F80730-F44F-4478-BDAE-6634EFC2CA88}.Debug|x86.ActiveCfg = Debug|Win32
		{C5F80730-F44F-4478-BDAE-6634EFC2CA88}.Debug|x86.Build.0 = Debug|Win32
		{C5F80730-F44F-4478-BDAE-6634EFC2CA88}.Release|Any CPU.ActiveCfg = Release|Win32
		{C5F80730-F44F-4478-BDAE-6634EFC2CA88}.Release|ARM.ActiveCfg = Release|Win32
		{C5F80730-F44F-4478-BDAE-6634EFC2CA88}.Release|x64.ActiveCfg = Release|Win32
		{C5F80730-F44F-4478-BDAE-6634EFC2CA88}.Release|x86.ActiveCfg = Release|Win32
		{C5F80730-F44F-4478-BDAE-6634EFC2CA88}.Release|x86.Build.0 = Release|Win32
		{C5F80730-F44F-4478-BDAE-6634EFC2CA88}.Rpi|Any CPU.ActiveCfg = Release|Win32
		{C5F80730-F44F-4478-BDAE-6634EFC2CA88}.Rpi|ARM.ActiveCfg = Release|Win32
		{C5F80730-F44F-4478-BDAE-6634EFC2CA88}.Rpi|x64.ActiveCfg = Release|Win32
		{C5F80730-F44F-4478-BDAE-6634EFC2CA88}.Rpi|x86.ActiveCfg = Release|Win32
		{7BB1D556-E0AF-4875-8644-C2A525D1A880}.Debug|Any CPU.ActiveCfg = Debug|Win32
		{7BB1D556-E0AF-4875-8644-C2A525D1A880}.Debug|ARM.ActiveCfg = Debug|ARM
		{7BB1D556-E0AF-4875-8644-C2A525D1A880}.Debug|ARM.Build.0 = Debug|ARM
		{7BB1D556-E0AF-4875-8644-C2A525D1A880}.Debug|ARM.Deploy.0 = Debug|ARM
		{7BB1D556-E0AF-4875-8644-C2A525D1A880}.Debug|x64.ActiveCfg = Debug|x64
		{7BB1D556-E0AF-4875-8644-C2A525D1A880}.Debug|x64.Build.0 = Debug|x64
		{7BB1D556-E0AF-4875-8644-C2A525D1A880}.Debug|x64.Deploy.0 = Debug|x64
		{7BB1D556-E0AF-4875-8644-C2A525D1A880}.Debug|x86.ActiveCfg = Debug|Win32
		{7BB1D556-E0AF-4875-8644-C2A525D1A880}.Debug|x86.Build.0 = Debug|Win32
		{7BB1D556-E0AF-4875-8644-C2A525D1A880}.Debug|x86.Deploy.0 = Debug|Win32
		{7BB1D556-E0AF-4875-8644-C2A525D1A880}.Release|Any CPU.ActiveCfg = Release|Win32
		{7BB1D556-E0AF-4875-8644-C2A525D1A880}.Release|ARM.ActiveCfg = Release|ARM
		{7BB1D556-E0AF-4875-8644-C2A525D1A880}.Release|ARM.Build.0 = Release|ARM
		{7BB1D556-E0AF-4875-8644-C2A525D1A880}.Release|ARM.Deploy.0 = Release|ARM
		{7BB1D556-E0AF-4875-8644-C2A525D1A880}.Release|x64.ActiveCfg = Release|x64
		{7BB1D556-E0AF-4875-8644-C2A525D1A880}.Release|x64.Build.0 = Release|x64
		{7BB1D556-E0AF-4875-8644-C2A525D1A880}.Release|x64.Deploy.0 = Release|x64
		{7BB1D556-E0AF-4875-8644-C2A525D1A880}.Release|x86.ActiveCfg = Release|Win32
		{7BB1D556-E0AF-4875-8644-C2A525D1A880}.Release|x86.Build.0 = Release|Win32
		{7BB1D556-E0AF-4875-8644-C2A525D1A880}.Release|x86.Deploy.0 = Release|Win32
		{7BB1D556-E0AF-4875-8644-C2A525D1A880}.Rpi|Any CPU.ActiveCfg = Release|Win32
		{7BB1D556-E0AF-4875-8644-C2A525D1A880}.Rpi|Any CPU.Build.0 = Release|Win32
		{7BB1D556-E0AF-4875-8644-C2A525D1A880}.Rpi|Any CPU.Deploy.0 = Release|Win32
		{7BB1D556-E0AF-4875-8644-C2A525D1A880}.Rpi|ARM.ActiveCfg = Release|ARM
		{7BB1D556-E0AF-4875-8644-C2A525D1A880}.Rpi|ARM.Build.0 = Release|ARM
		{7BB1D556-E0AF-4875-8644-C2A525D1A880}.Rpi|ARM.Deploy.0 = Release|ARM
		{7BB1D556-E0AF-4875-8644-C2A525D1A880}.Rpi|x64.ActiveCfg = Release|x64
		{7BB1D556-E0AF-4875-8644-C2A525D1A880}.Rpi|x64.Build.0 = Release|x64
		{7BB1D556-E0AF-4875-8644-C2A525D1A880}.Rpi|x64.Deploy.0 = Release|x64
		{7BB1D556-E0AF-4875-8644-C2A525D1A880}.Rpi|x86.ActiveCfg = Release|Win32
		{7BB1D556-E0AF-4875-8644-C2A525D1A880}.Rpi|x86.Build.0 = Release|Win32
		{7BB1D556-E0AF-4875-8644-C2A525D1A880}.Rpi|x86.Deploy.0 = Release|Win32
		{B08B4C4D-3FC8-4D2C-AE9E-CCF1F6B57359}.Debug|Any CPU.ActiveCfg = Debug|Any CPU
		{B08B4C4D-3FC8-4D2C-AE9E-CCF1F6B57359}.Debug|Any CPU.Build.0 = Debug|Any CPU
		{B08B4C4D-3FC8-4D2C-AE9E-CCF1F6B57359}.Debug|ARM.ActiveCfg = Debug|Any CPU
		{B08B4C4D-3FC8-4D2C-AE9E-CCF1F6B57359}.Debug|ARM.Build.0 = Debug|Any CPU
		{B08B4C4D-3FC8-4D2C-AE9E-CCF1F6B57359}.Debug|x64.ActiveCfg = Debug|Any CPU
		{B08B4C4D-3FC8-4D2C-AE9E-CCF1F6B57359}.Debug|x64.Build.0 = Debug|Any CPU
		{B08B4C4D-3FC8-4D2C-AE9E-CCF1F6B57359}.Debug|x86.ActiveCfg = Debug|Any CPU
		{B08B4C4D-3FC8-4D2C-AE9E-CCF1F6B57359}.Debug|x86.Build.0 = Debug|Any CPU
		{B08B4C4D-3FC8-4D2C-AE9E-CCF1F6B57359}.Release|Any CPU.ActiveCfg = Release|Any CPU
		{B08B4C4D-3FC8-4D2C-AE9E-CCF1F6B57359}.Release|Any CPU.Build.0 = Release|Any CPU
		{B08B4C4D-3FC8-4D2C-AE9E-CCF1F6B57359}.Release|ARM.ActiveCfg = Release|Any CPU
		{B08B4C4D-3FC8-4D2C-AE9E-CCF1F6B57359}.Release|ARM.Build.0 = Release|Any CPU
		{B08B4C4D-3FC8-4D2C-AE9E-CCF1F6B57359}.Release|x64.ActiveCfg = Release|Any CPU
		{B08B4C4D-3FC8-4D2C-AE9E-CCF1F6B57359}.Release|x64.Build.0 = Release|Any CPU
		{B08B4C4D-3FC8-4D2C-AE9E-CCF1F6B57359}.Release|x86.ActiveCfg = Release|Any CPU
		{B08B4C4D-3FC8-4D2C-AE9E-CCF1F6B57359}.Release|x86.Build.0 = Release|Any CPU
		{B08B4C4D-3FC8-4D2C-AE9E-CCF1F6B57359}.Rpi|Any CPU.ActiveCfg = Release|Any CPU
		{B08B4C4D-3FC8-4D2C-AE9E-CCF1F6B57359}.Rpi|Any CPU.Build.0 = Release|Any CPU
		{B08B4C4D-3FC8-4D2C-AE9E-CCF1F6B57359}.Rpi|ARM.ActiveCfg = Release|Any CPU
		{B08B4C4D-3FC8-4D2C-AE9E-CCF1F6B57359}.Rpi|ARM.Build.0 = Release|Any CPU
		{B08B4C4D-3FC8-4D2C-AE9E-CCF1F6B57359}.Rpi|x64.ActiveCfg = Release|Any CPU
		{B08B4C4D-3FC8-4D2C-AE9E-CCF1F6B57359}.Rpi|x64.Build.0 = Release|Any CPU
		{B08B4C4D-3FC8-4D2C-AE9E-CCF1F6B57359}.Rpi|x86.ActiveCfg = Release|Any CPU
		{B08B4C4D-3FC8-4D2C-AE9E-CCF1F6B57359}.Rpi|x86.Build.0 = Release|Any CPU
		{D3EECC26-171E-4102-A2AE-0FD979BB40C1}.Debug|Any CPU.ActiveCfg = Debug|x86
		{D3EECC26-171E-4102-A2AE-0FD979BB40C1}.Debug|ARM.ActiveCfg = Debug|ARM
		{D3EECC26-171E-4102-A2AE-0FD979BB40C1}.Debug|ARM.Build.0 = Debug|ARM
		{D3EECC26-171E-4102-A2AE-0FD979BB40C1}.Debug|ARM.Deploy.0 = Debug|ARM
		{D3EECC26-171E-4102-A2AE-0FD979BB40C1}.Debug|x64.ActiveCfg = Debug|x64
		{D3EECC26-171E-4102-A2AE-0FD979BB40C1}.Debug|x64.Build.0 = Debug|x64
		{D3EECC26-171E-4102-A2AE-0FD979BB40C1}.Debug|x64.Deploy.0 = Debug|x64
		{D3EECC26-171E-4102-A2AE-0FD979BB40C1}.Debug|x86.ActiveCfg = Debug|x86
		{D3EECC26-171E-4102-A2AE-0FD979BB40C1}.Debug|x86.Build.0 = Debug|x86
		{D3EECC26-171E-4102-A2AE-0FD979BB40C1}.Debug|x86.Deploy.0 = Debug|x86
		{D3EECC26-171E-4102-A2AE-0FD979BB40C1}.Release|Any CPU.ActiveCfg = Release|x86
		{D3EECC26-171E-4102-A2AE-0FD979BB40C1}.Release|ARM.ActiveCfg = Release|ARM
		{D3EECC26-171E-4102-A2AE-0FD979BB40C1}.Release|ARM.Build.0 = Release|ARM
		{D3EECC26-171E-4102-A2AE-0FD979BB40C1}.Release|ARM.Deploy.0 = Release|ARM
		{D3EECC26-171E-4102-A2AE-0FD979BB40C1}.Release|x64.ActiveCfg = Release|x64
		{D3EECC26-171E-4102-A2AE-0FD979BB40C1}.Release|x64.Build.0 = Release|x64
		{D3EECC26-171E-4102-A2AE-0FD979BB40C1}.Release|x64.Deploy.0 = Release|x64
		{D3EECC26-171E-4102-A2AE-0FD979BB40C1}.Release|x86.ActiveCfg = Release|x86
		{D3EECC26-171E-4102-A2AE-0FD979BB40C1}.Release|x86.Build.0 = Release|x86
		{D3EECC26-171E-4102-A2AE-0FD979BB40C1}.Release|x86.Deploy.0 = Release|x86
		{D3EECC26-171E-4102-A2AE-0FD979BB40C1}.Rpi|Any CPU.ActiveCfg = Release|ARM
		{D3EECC26-171E-4102-A2AE-0FD979BB40C1}.Rpi|Any CPU.Build.0 = Release|ARM
		{D3EECC26-171E-4102-A2AE-0FD979BB40C1}.Rpi|Any CPU.Deploy.0 = Release|ARM
		{D3EECC26-171E-4102-A2AE-0FD979BB40C1}.Rpi|ARM.ActiveCfg = Release|ARM
		{D3EECC26-171E-4102-A2AE-0FD979BB40C1}.Rpi|ARM.Build.0 = Release|ARM
		{D3EECC26-171E-4102-A2AE-0FD979BB40C1}.Rpi|ARM.Deploy.0 = Release|ARM
		{D3EECC26-171E-4102-A2AE-0FD979BB40C1}.Rpi|x64.ActiveCfg = Release|x64
		{D3EECC26-171E-4102-A2AE-0FD979BB40C1}.Rpi|x64.Build.0 = Release|x64
		{D3EECC26-171E-4102-A2AE-0FD979BB40C1}.Rpi|x64.Deploy.0 = Release|x64
		{D3EECC26-171E-4102-A2AE-0FD979BB40C1}.Rpi|x86.ActiveCfg = Release|x86
		{D3EECC26-171E-4102-A2AE-0FD979BB40C1}.Rpi|x86.Build.0 = Release|x86
		{D3EECC26-171E-4102-A2AE-0FD979BB40C1}.Rpi|x86.Deploy.0 = Release|x86
	EndGlobalSection
	GlobalSection(SolutionProperties) = preSolution
		HideSolutionNode = FALSE
	EndGlobalSection
EndGlobal
